
Microsoft Visual Studio Solution File, Format Version 12.00
# Visual Studio Version 16
VisualStudioVersion = 16.0.30503.244
MinimumVisualStudioVersion = 10.0.40219.1
Project("{FAE04EC0-301F-11D3-BF4B-00C04F79EFBC}") = "ComputerHardwareInventory", "ComputerHardwareInventory\ComputerHardwareInventory.csproj", "{A641C11F-FF01-4815-8193-9067B7BCD2A1}"
EndProject
Global
	GlobalSection(SolutionConfigurationPlatforms) = preSolution
		Debug|Any CPU = Debug|Any CPU
		Release|Any CPU = Release|Any CPU
	EndGlobalSection
	GlobalSection(ProjectConfigurationPlatforms) = postSolution
		{A641C11F-FF01-4815-8193-9067B7BCD2A1}.Debug|Any CPU.ActiveCfg = Debug|Any CPU
		{A641C11F-FF01-4815-8193-9067B7BCD2A1}.Debug|Any CPU.Build.0 = Debug|Any CPU
		{A641C11F-FF01-4815-8193-9067B7BCD2A1}.Release|Any CPU.ActiveCfg = Release|Any CPU
		{A641C11F-FF01-4815-8193-9067B7BCD2A1}.Release|Any CPU.Build.0 = Release|Any CPU
	EndGlobalSection
	GlobalSection(SolutionProperties) = preSolution
		HideSolutionNode = FALSE
	EndGlobalSection
	GlobalSection(ExtensibilityGlobals) = postSolution
		SolutionGuid = {40FD37B8-9706-4E8B-B2CD-2C0D8F65BBB9}
	EndGlobalSection
EndGlobal
